{
  "name": "pieon.github.io",
  "lockfileVersion": 3,
  "requires": true,
  "packages": {
    "": {
      "dependencies": {
        "action": "^0.0.1",
        "github": "^14.0.0"
      }
    },
    "node_modules/action": {
      "version": "0.0.1",
      "resolved": "https://registry.npmjs.org/action/-/action-0.0.1.tgz",
      "integrity": "sha512-8vKfuV3mpniUfHQwuAlQc3OnHqAJHkDbKMDjeGuq5jdehjJEdS0qPj2k6n1rUGlfZ0Et4DrzW9pFdtGPXC1Vcg=="
    },
    "node_modules/github": {
      "version": "14.0.0",
      "resolved": "https://registry.npmjs.org/github/-/github-14.0.0.tgz",
      "integrity": "sha512-34/VqwhYGeYN0VHBSH49TmRWMF7emy32qjK6POiW47T/QI2u/cpuKsmrWt7a218ew/73dF4dQSJE68/HXdNfPw==",
      "deprecated": "'github' has been renamed to '@octokit/rest' (https://git.io/vNB11)"
    }
  }
}
